{
  "name": "films-of-shopifolx",
  "lockfileVersion": 2,
  "requires": true,
  "packages": {
    "": {
      "dependencies": {
        "react-flexbox-grid": "^2.1.2"
      }
    },
    "node_modules/flexboxgrid2": {
      "version": "7.2.1",
      "resolved": "https://registry.npmjs.org/flexboxgrid2/-/flexboxgrid2-7.2.1.tgz",
      "integrity": "sha512-O2bO5ZcBXnFy7cYmyt/CKb6CuwzNuUPxWJt8WOiaot8SetE9zyUahXGTSpKDm3+CTYQ5YeEMPeunMdjcxKJz4w==",
      "dependencies": {
        "normalize.css": "^7.0.0"
      }
    },
    "node_modules/js-tokens": {
      "version": "4.0.0",
      "resolved": "https://registry.npmjs.org/js-tokens/-/js-tokens-4.0.0.tgz",
      "integrity": "sha512-RdJUflcE3cUzKiMqQgsCu06FPu9UdIJO0beYbPhHN4k6apgJtifcoCtT9bcxOpYBtpD2kCM6Sbzg4CausW/PKQ=="
    },
    "node_modules/loose-envify": {
      "version": "1.4.0",
      "resolved": "https://registry.npmjs.org/loose-envify/-/loose-envify-1.4.0.tgz",
      "integrity": "sha512-lyuxPGr/Wfhrlem2CL/UcnUc1zcqKAImBDzukY7Y5F/yQiNdko6+fRLevlw1HgMySw7f611UIY408EtxRSoK3Q==",
      "dependencies": {
        "js-tokens": "^3.0.0 || ^4.0.0"
      },
      "bin": {
        "loose-envify": "cli.js"
      }
    },
    "node_modules/normalize.css": {
      "version": "7.0.0",
      "resolved": "https://registry.npmjs.org/normalize.css/-/normalize.css-7.0.0.tgz",
      "integrity": "sha1-q/sd2CRwZ04DIrU86xqvQSk45L8="
    },
    "node_modules/object-assign": {
      "version": "4.1.1",
      "resolved": "https://registry.npmjs.org/object-assign/-/object-assign-4.1.1.tgz",
      "integrity": "sha1-IQmtx5ZYh8/AXLvUQsrIv7s2CGM=",
      "engines": {
        "node": ">=0.10.0"
      }
    },
    "node_modules/prop-types": {
      "version": "15.7.2",
      "resolved": "https://registry.npmjs.org/prop-types/-/prop-types-15.7.2.tgz",
      "integrity": "sha512-8QQikdH7//R2vurIJSutZ1smHYTcLpRWEOlHnzcWHmBYrOGUysKwSsrC89BCiFj3CbrfJ/nXFdJepOVrY1GCHQ==",
      "dependencies": {
        "loose-envify": "^1.4.0",
        "object-assign": "^4.1.1",
        "react-is": "^16.8.1"
      }
    },
    "node_modules/react": {
      "version": "16.14.0",
      "resolved": "https://registry.npmjs.org/react/-/react-16.14.0.tgz",
      "integrity": "sha512-0X2CImDkJGApiAlcf0ODKIneSwBPhqJawOa5wCtKbu7ZECrmS26NvtSILynQ66cgkT/RJ4LidJOc3bUESwmU8g==",
      "peer": true,
      "dependencies": {
        "loose-envify": "^1.1.0",
        "object-assign": "^4.1.1",
        "prop-types": "^15.6.2"
      },
      "engines": {
        "node": ">=0.10.0"
      }
    },
    "node_modules/react-flexbox-grid": {
      "version": "2.1.2",
      "resolved": "https://registry.npmjs.org/react-flexbox-grid/-/react-flexbox-grid-2.1.2.tgz",
      "integrity": "sha512-lj1oVnIJ7TY3W6tPjFUxlUYd1DLFxEg8RiX3HAYVvreE3O9HU9n2390CFoPQ+qk1E+5MXa2t/mLMafFLAa8+7Q==",
      "dependencies": {
        "flexboxgrid2": "^7.2.0",
        "prop-types": "^15.5.8"
      },
      "peerDependencies": {
        "react": "^0.14.3 || ^15.5.4 || ^16.0.0"
      }
    },
    "node_modules/react-is": {
      "version": "16.13.1",
      "resolved": "https://registry.npmjs.org/react-is/-/react-is-16.13.1.tgz",
      "integrity": "sha512-24e6ynE2H+OKt4kqsOvNd8kBpV65zoxbA4BVsEOB3ARVWQki/DHzaUoC5KuON/BiccDaCCTZBuOcfZs70kR8bQ=="
    }
  },
  "dependencies": {
    "flexboxgrid2": {
      "version": "7.2.1",
      "resolved": "https://registry.npmjs.org/flexboxgrid2/-/flexboxgrid2-7.2.1.tgz",
      "integrity": "sha512-O2bO5ZcBXnFy7cYmyt/CKb6CuwzNuUPxWJt8WOiaot8SetE9zyUahXGTSpKDm3+CTYQ5YeEMPeunMdjcxKJz4w==",
      "requires": {
        "normalize.css": "^7.0.0"
      }
    },
    "js-tokens": {
      "version": "4.0.0",
      "resolved": "https://registry.npmjs.org/js-tokens/-/js-tokens-4.0.0.tgz",
      "integrity": "sha512-RdJUflcE3cUzKiMqQgsCu06FPu9UdIJO0beYbPhHN4k6apgJtifcoCtT9bcxOpYBtpD2kCM6Sbzg4CausW/PKQ=="
    },
    "loose-envify": {
      "version": "1.4.0",
      "resolved": "https://registry.npmjs.org/loose-envify/-/loose-envify-1.4.0.tgz",
      "integrity": "sha512-lyuxPGr/Wfhrlem2CL/UcnUc1zcqKAImBDzukY7Y5F/yQiNdko6+fRLevlw1HgMySw7f611UIY408EtxRSoK3Q==",
      "requires": {
        "js-tokens": "^3.0.0 || ^4.0.0"
      }
    },
    "normalize.css": {
      "version": "7.0.0",
      "resolved": "https://registry.npmjs.org/normalize.css/-/normalize.css-7.0.0.tgz",
      "integrity": "sha1-q/sd2CRwZ04DIrU86xqvQSk45L8="
    },
    "object-assign": {
      "version": "4.1.1",
      "resolved": "https://registry.npmjs.org/object-assign/-/object-assign-4.1.1.tgz",
      "integrity": "sha1-IQmtx5ZYh8/AXLvUQsrIv7s2CGM="
    },
    "prop-types": {
      "version": "15.7.2",
      "resolved": "https://registry.npmjs.org/prop-types/-/prop-types-15.7.2.tgz",
      "integrity": "sha512-8QQikdH7//R2vurIJSutZ1smHYTcLpRWEOlHnzcWHmBYrOGUysKwSsrC89BCiFj3CbrfJ/nXFdJepOVrY1GCHQ==",
      "requires": {
        "loose-envify": "^1.4.0",
        "object-assign": "^4.1.1",
        "react-is": "^16.8.1"
      }
    },
    "react": {
      "version": "16.14.0",
      "resolved": "https://registry.npmjs.org/react/-/react-16.14.0.tgz",
      "integrity": "sha512-0X2CImDkJGApiAlcf0ODKIneSwBPhqJawOa5wCtKbu7ZECrmS26NvtSILynQ66cgkT/RJ4LidJOc3bUESwmU8g==",
      "peer": true,
      "requires": {
        "loose-envify": "^1.1.0",
        "object-assign": "^4.1.1",
        "prop-types": "^15.6.2"
      }
    },
    "react-flexbox-grid": {
      "version": "2.1.2",
      "resolved": "https://registry.npmjs.org/react-flexbox-grid/-/react-flexbox-grid-2.1.2.tgz",
      "integrity": "sha512-lj1oVnIJ7TY3W6tPjFUxlUYd1DLFxEg8RiX3HAYVvreE3O9HU9n2390CFoPQ+qk1E+5MXa2t/mLMafFLAa8+7Q==",
      "requires": {
        "flexboxgrid2": "^7.2.0",
        "prop-types": "^15.5.8"
      }
    },
    "react-is": {
      "version": "16.13.1",
      "resolved": "https://registry.npmjs.org/react-is/-/react-is-16.13.1.tgz",
      "integrity": "sha512-24e6ynE2H+OKt4kqsOvNd8kBpV65zoxbA4BVsEOB3ARVWQki/DHzaUoC5KuON/BiccDaCCTZBuOcfZs70kR8bQ=="
    }
  }
}
